
Microsoft Visual Studio Solution File, Format Version 12.00
# Visual Studio 14
VisualStudioVersion = 14.0.23107.0
MinimumVisualStudioVersion = 10.0.40219.1
Project("{FAE04EC0-301F-11D3-BF4B-00C04F79EFBC}") = "testUnmanagedDLL", "testUnmanagedDLL\testUnmanagedDLL.csproj", "{46715A67-B134-473C-ACE4-EF6AA1C0E688}"
EndProject
Project("{FAE04EC0-301F-11D3-BF4B-00C04F79EFBC}") = "Server", "Server\Server.csproj", "{75A1BE35-D034-44D1-994E-005E32642C77}"
EndProject
Project("{FAE04EC0-301F-11D3-BF4B-00C04F79EFBC}") = "CommonLibrary", "CommonLibrary\CommonLibrary.csproj", "{3FDBE129-0DC4-4F38-8608-B9BE59BC89F8}"
EndProject
Project("{FAE04EC0-301F-11D3-BF4B-00C04F79EFBC}") = "Tester", "Tester\Tester.csproj", "{9EA3C510-D4DD-46E8-B532-6FDD2F2486AF}"
EndProject
Global
	GlobalSection(SolutionConfigurationPlatforms) = preSolution
		Debug|Any CPU = Debug|Any CPU
		Debug|x64 = Debug|x64
		Debug|x86 = Debug|x86
		Release|Any CPU = Release|Any CPU
		Release|x64 = Release|x64
		Release|x86 = Release|x86
	EndGlobalSection
	GlobalSection(ProjectConfigurationPlatforms) = postSolution
		{46715A67-B134-473C-ACE4-EF6AA1C0E688}.Debug|Any CPU.ActiveCfg = Debug|Any CPU
		{46715A67-B134-473C-ACE4-EF6AA1C0E688}.Debug|Any CPU.Build.0 = Debug|Any CPU
		{46715A67-B134-473C-ACE4-EF6AA1C0E688}.Debug|x64.ActiveCfg = Debug|x64
		{46715A67-B134-473C-ACE4-EF6AA1C0E688}.Debug|x64.Build.0 = Debug|x64
		{46715A67-B134-473C-ACE4-EF6AA1C0E688}.Debug|x86.ActiveCfg = Debug|x86
		{46715A67-B134-473C-ACE4-EF6AA1C0E688}.Debug|x86.Build.0 = Debug|x86
		{46715A67-B134-473C-ACE4-EF6AA1C0E688}.Release|Any CPU.ActiveCfg = Release|Any CPU
		{46715A67-B134-473C-ACE4-EF6AA1C0E688}.Release|Any CPU.Build.0 = Release|Any CPU
		{46715A67-B134-473C-ACE4-EF6AA1C0E688}.Release|x64.ActiveCfg = Release|x64
		{46715A67-B134-473C-ACE4-EF6AA1C0E688}.Release|x64.Build.0 = Release|x64
		{46715A67-B134-473C-ACE4-EF6AA1C0E688}.Release|x86.ActiveCfg = Release|x86
		{46715A67-B134-473C-ACE4-EF6AA1C0E688}.Release|x86.Build.0 = Release|x86
		{75A1BE35-D034-44D1-994E-005E32642C77}.Debug|Any CPU.ActiveCfg = Debug|Any CPU
		{75A1BE35-D034-44D1-994E-005E32642C77}.Debug|Any CPU.Build.0 = Debug|Any CPU
		{75A1BE35-D034-44D1-994E-005E32642C77}.Debug|x64.ActiveCfg = Debug|Any CPU
		{75A1BE35-D034-44D1-994E-005E32642C77}.Debug|x64.Build.0 = Debug|Any CPU
		{75A1BE35-D034-44D1-994E-005E32642C77}.Debug|x86.ActiveCfg = Debug|Any CPU
		{75A1BE35-D034-44D1-994E-005E32642C77}.Debug|x86.Build.0 = Debug|Any CPU
		{75A1BE35-D034-44D1-994E-005E32642C77}.Release|Any CPU.ActiveCfg = Release|Any CPU
		{75A1BE35-D034-44D1-994E-005E32642C77}.Release|Any CPU.Build.0 = Release|Any CPU
		{75A1BE35-D034-44D1-994E-005E32642C77}.Release|x64.ActiveCfg = Release|Any CPU
		{75A1BE35-D034-44D1-994E-005E32642C77}.Release|x64.Build.0 = Release|Any CPU
		{75A1BE35-D034-44D1-994E-005E32642C77}.Release|x86.ActiveCfg = Release|Any CPU
		{75A1BE35-D034-44D1-994E-005E32642C77}.Release|x86.Build.0 = Release|Any CPU
		{3FDBE129-0DC4-4F38-8608-B9BE59BC89F8}.Debug|Any CPU.ActiveCfg = Debug|Any CPU
		{3FDBE129-0DC4-4F38-8608-B9BE59BC89F8}.Debug|Any CPU.Build.0 = Debug|Any CPU
		{3FDBE129-0DC4-4F38-8608-B9BE59BC89F8}.Debug|x64.ActiveCfg = Debug|Any CPU
		{3FDBE129-0DC4-4F38-8608-B9BE59BC89F8}.Debug|x64.Build.0 = Debug|Any CPU
		{3FDBE129-0DC4-4F38-8608-B9BE59BC89F8}.Debug|x86.ActiveCfg = Release|x86
		{3FDBE129-0DC4-4F38-8608-B9BE59BC89F8}.Debug|x86.Build.0 = Release|x86
		{3FDBE129-0DC4-4F38-8608-B9BE59BC89F8}.Release|Any CPU.ActiveCfg = Release|Any CPU
		{3FDBE129-0DC4-4F38-8608-B9BE59BC89F8}.Release|Any CPU.Build.0 = Release|Any CPU
		{3FDBE129-0DC4-4F38-8608-B9BE59BC89F8}.Release|x64.ActiveCfg = Release|Any CPU
		{3FDBE129-0DC4-4F38-8608-B9BE59BC89F8}.Release|x64.Build.0 = Release|Any CPU
		{3FDBE129-0DC4-4F38-8608-B9BE59BC89F8}.Release|x86.ActiveCfg = Release|Any CPU
		{3FDBE129-0DC4-4F38-8608-B9BE59BC89F8}.Release|x86.Build.0 = Release|Any CPU
		{9EA3C510-D4DD-46E8-B532-6FDD2F2486AF}.Debug|Any CPU.ActiveCfg = Debug|Any CPU
		{9EA3C510-D4DD-46E8-B532-6FDD2F2486AF}.Debug|Any CPU.Build.0 = Debug|Any CPU
		{9EA3C510-D4DD-46E8-B532-6FDD2F2486AF}.Debug|x64.ActiveCfg = Debug|Any CPU
		{9EA3C510-D4DD-46E8-B532-6FDD2F2486AF}.Debug|x64.Build.0 = Debug|Any CPU
		{9EA3C510-D4DD-46E8-B532-6FDD2F2486AF}.Debug|x86.ActiveCfg = Debug|Any CPU
		{9EA3C510-D4DD-46E8-B532-6FDD2F2486AF}.Debug|x86.Build.0 = Debug|Any CPU
		{9EA3C510-D4DD-46E8-B532-6FDD2F2486AF}.Release|Any CPU.ActiveCfg = Release|Any CPU
		{9EA3C510-D4DD-46E8-B532-6FDD2F2486AF}.Release|Any CPU.Build.0 = Release|Any CPU
		{9EA3C510-D4DD-46E8-B532-6FDD2F2486AF}.Release|x64.ActiveCfg = Release|Any CPU
		{9EA3C510-D4DD-46E8-B532-6FDD2F2486AF}.Release|x64.Build.0 = Release|Any CPU
		{9EA3C510-D4DD-46E8-B532-6FDD2F2486AF}.Release|x86.ActiveCfg = Release|Any CPU
		{9EA3C510-D4DD-46E8-B532-6FDD2F2486AF}.Release|x86.Build.0 = Release|Any CPU
	EndGlobalSection
	GlobalSection(SolutionProperties) = preSolution
		HideSolutionNode = FALSE
	EndGlobalSection
EndGlobal
